
Microsoft Visual Studio Solution File, Format Version 12.00
# Visual Studio Version 16
VisualStudioVersion = 16.0.29001.49
MinimumVisualStudioVersion = 10.0.40219.1
Project("{FAE04EC0-301F-11D3-BF4B-00C04F79EFBC}") = "prismWPF", "prismWPF\prismWPF.csproj", "{92675FC8-8E83-4D94-A093-279B04BF3809}"
EndProject
Global
	GlobalSection(SolutionConfigurationPlatforms) = preSolution
		Debug|Any CPU = Debug|Any CPU
		Release|Any CPU = Release|Any CPU
	EndGlobalSection
	GlobalSection(ProjectConfigurationPlatforms) = postSolution
		{92675FC8-8E83-4D94-A093-279B04BF3809}.Debug|Any CPU.ActiveCfg = Debug|Any CPU
		{92675FC8-8E83-4D94-A093-279B04BF3809}.Debug|Any CPU.Build.0 = Debug|Any CPU
		{92675FC8-8E83-4D94-A093-279B04BF3809}.Release|Any CPU.ActiveCfg = Release|Any CPU
		{92675FC8-8E83-4D94-A093-279B04BF3809}.Release|Any CPU.Build.0 = Release|Any CPU
	EndGlobalSection
	GlobalSection(SolutionProperties) = preSolution
		HideSolutionNode = FALSE
	EndGlobalSection
	GlobalSection(ExtensibilityGlobals) = postSolution
		SolutionGuid = {387B1202-1FEC-4FE1-A7A8-62D3257D4A64}
	EndGlobalSection
EndGlobal
